dependencies:
  espressif/esp-dsp:
    component_hash: 3e7bbd487f1357a1d4944d0c85966d049501ea281b8a4c7f93f7cfedd5b7f23d
    dependencies:
    - name: idf
      require: private
      version: '>=4.2'
    source:
      registry_url: https://components.espressif.com/
      type: service
    version: 1.4.12
  espressif/jsmn:
    component_hash: d80350c41bbaa827c98a25b6072df00884e72f54885996fab4a4f0aebce6b6c3
    dependencies:
    - name: idf
      require: private
      version: '>=4.3'
    source:
      registry_url: https://components.espressif.com/
      type: service
    version: 1.1.0
  espressif/nghttp:
    component_hash: 5e55c2fc982f7ddd257818be86f50d60705f3fd3a39d709c399434e81d458e1e
    dependencies:
    - name: idf
      require: private
      version: '>=5.0'
    source:
      registry_url: https://components.espressif.com/
      type: service
    version: 1.58.0
  idf:
    source:
      type: idf
    version: 5.2.0
direct_dependencies:
- espressif/esp-dsp
- espressif/jsmn
- espressif/nghttp
- idf
manifest_hash: e788a1e29096faf4f2f8c1cb5ea17f8a6809a44b9be7a8066c05697900fb8ade
target: esp32s3
version: 2.0.0
